
Microsoft Visual Studio Solution File, Format Version 12.00
# Visual Studio Version 17
VisualStudioVersion = 17.4.33103.184
MinimumVisualStudioVersion = 10.0.40219.1
Project("{FAE04EC0-301F-11D3-BF4B-00C04F79EFBC}") = "Getting the Path to the Desktop", "Getting the Path to the Desktop\Getting the Path to the Desktop.csproj", "{B1861E4B-94B0-4FBB-AC15-01365F482F64}"
EndProject
Global
	GlobalSection(SolutionConfigurationPlatforms) = preSolution
		Debug|Any CPU = Debug|Any CPU
		Release|Any CPU = Release|Any CPU
	EndGlobalSection
	GlobalSection(ProjectConfigurationPlatforms) = postSolution
		{B1861E4B-94B0-4FBB-AC15-01365F482F64}.Debug|Any CPU.ActiveCfg = Debug|Any CPU
		{B1861E4B-94B0-4FBB-AC15-01365F482F64}.Debug|Any CPU.Build.0 = Debug|Any CPU
		{B1861E4B-94B0-4FBB-AC15-01365F482F64}.Release|Any CPU.ActiveCfg = Release|Any CPU
		{B1861E4B-94B0-4FBB-AC15-01365F482F64}.Release|Any CPU.Build.0 = Release|Any CPU
	EndGlobalSection
	GlobalSection(SolutionProperties) = preSolution
		HideSolutionNode = FALSE
	EndGlobalSection
	GlobalSection(ExtensibilityGlobals) = postSolution
		SolutionGuid = {69C3CD53-7A00-41F3-BE83-0A9F63C11816}
	EndGlobalSection
EndGlobal
